
Microsoft Visual Studio Solution File, Format Version 12.00
# Visual Studio Version 17
VisualStudioVersion = 17.5.002.0
MinimumVisualStudioVersion = 10.0.40219.1
Project("{9A19103F-16F7-4668-BE54-9A1E7A4F7556}") = "Lox", "Lox.csproj", "{A87C79E5-0C67-4266-84EA-7B05DECD59C7}"
EndProject
Global
	GlobalSection(SolutionConfigurationPlatforms) = preSolution
		Debug|Any CPU = Debug|Any CPU
		Release|Any CPU = Release|Any CPU
	EndGlobalSection
	GlobalSection(ProjectConfigurationPlatforms) = postSolution
		{A87C79E5-0C67-4266-84EA-7B05DECD59C7}.Debug|Any CPU.ActiveCfg = Debug|Any CPU
		{A87C79E5-0C67-4266-84EA-7B05DECD59C7}.Debug|Any CPU.Build.0 = Debug|Any CPU
		{A87C79E5-0C67-4266-84EA-7B05DECD59C7}.Release|Any CPU.ActiveCfg = Release|Any CPU
		{A87C79E5-0C67-4266-84EA-7B05DECD59C7}.Release|Any CPU.Build.0 = Release|Any CPU
	EndGlobalSection
	GlobalSection(SolutionProperties) = preSolution
		HideSolutionNode = FALSE
	EndGlobalSection
	GlobalSection(ExtensibilityGlobals) = postSolution
		SolutionGuid = {FAECB26D-28F0-40A9-B983-94A115835C7A}
	EndGlobalSection
EndGlobal
